// !$*UTF8*$!
{
	archiveVersion = 1;
	classes = {
	};
	objectVersion = 46;
	objects = {

/* Begin PBXBuildFile section */
		F8CDA7C41C14E47A00FD7AE2 /* AppDelegate.swift in Sources */ = {isa = PBXBuildFile; fileRef = F8CDA7C31C14E47A00FD7AE2 /* AppDelegate.swift */; };
		F8CDA7C61C14E47A00FD7AE2 /* ViewController.swift in Sources */ = {isa = PBXBuildFile; fileRef = F8CDA7C51C14E47A00FD7AE2 /* ViewController.swift */; };
		F8CDA7C91C14E47A00FD7AE2 /* Main.storyboard in Resources */ = {isa = PBXBuildFile; fileRef = F8CDA7C71C14E47A00FD7AE2 /* Main.storyboard */; };
		F8CDA7CB1C14E47A00FD7AE2 /* Assets.xcassets in Resources */ = {isa = PBXBuildFile; fileRef = F8CDA7CA1C14E47A00FD7AE2 /* Assets.xcassets */; };
		F8CDA7CE1C14E47A00FD7AE2 /* LaunchScreen.storyboard in Resources */ = {isa = PBXBuildFile; fileRef = F8CDA7CC1C14E47A00FD7AE2 /* LaunchScreen.storyboard */; };
		F8CDA7D91C14E47B00FD7AE2 /* AddMeTests.swift in Sources */ = {isa = PBXBuildFile; fileRef = F8CDA7D81C14E47B00FD7AE2 /* AddMeTests.swift */; };
		F8CDA7E41C14E47B00FD7AE2 /* AddMeUITests.swift in Sources */ = {isa = PBXBuildFile; fileRef = F8CDA7E31C14E47B00FD7AE2 /* AddMeUITests.swift */; };
/* End PBXBuildFile section */

/* Begin PBXContainerItemProxy section */
		F8CDA7D51C14E47B00FD7AE2 /* PBXContainerItemProxy */ = {
			isa = PBXContainerItemProxy;
			containerPortal = F8CDA7B81C14E47A00FD7AE2 /* Project object */;
			proxyType = 1;
			remoteGlobalIDString = F8CDA7BF1C14E47A00FD7AE2;
			remoteInfo = AddMe;
		};
		F8CDA7E01C14E47B00FD7AE2 /* PBXContainerItemProxy */ = {
			isa = PBXContainerItemProxy;
			containerPortal = F8CDA7B81C14E47A00FD7AE2 /* Project object */;
			proxyType = 1;
			remoteGlobalIDString = F8CDA7BF1C14E47A00FD7AE2;
			remoteInfo = AddMe;
		};
/* End PBXContainerItemProxy section */

/* Begin PBXFileReference section */
		F8CDA7C01C14E47A00FD7AE2 /* AddMe.app */ = {isa = PBXFileReference; explicitFileType = wrapper.application; includeInIndex = 0; path = AddMe.app; sourceTree = BUILT_PRODUCTS_DIR; };
		F8CDA7C31C14E47A00FD7AE2 /* AppDelegate.swift */ = {isa = PBXFileReference; lastKnownFileType = sourcecode.swift; path = AppDelegate.swift; sourceTree = "<group>"; };
		F8CDA7C51C14E47A00FD7AE2 /* ViewController.swift */ = {isa = PBXFileReference; lastKnownFileType = sourcecode.swift; path = ViewController.swift; sourceTree = "<group>"; };
		F8CDA7C81C14E47A00FD7AE2 /* Base */ = {isa = PBXFileReference; lastKnownFileType = file.storyboard; name = Base; path = Base.lproj/Main.storyboard; sourceTree = "<group>"; };
		F8CDA7CA1C14E47A00FD7AE2 /* Assets.xcassets */ = {isa = PBXFileReference; lastKnownFileType = folder.assetcatalog; path = Assets.xcassets; sourceTree = "<group>"; };
		F8CDA7CD1C14E47A00FD7AE2 /* Base */ = {isa = PBXFileReference; lastKnownFileType = file.storyboard; name = Base; path = Base.lproj/LaunchScreen.storyboard; sourceTree = "<group>"; };
		F8CDA7CF1C14E47B00FD7AE2 /* Info.plist */ = {isa = PBXFileReference; lastKnownFileType = text.plist.xml; path = Info.plist; sourceTree = "<group>"; };
		F8CDA7D41C14E47B00FD7AE2 /* AddMeTests.xctest */ = {isa = PBXFileReference; explicitFileType = wrapper.cfbundle; includeInIndex = 0; path = AddMeTests.xctest; sourceTree = BUILT_PRODUCTS_DIR; };
		F8CDA7D81C14E47B00FD7AE2 /* AddMeTests.swift */ = {isa = PBXFileReference; lastKnownFileType = sourcecode.swift; path = AddMeTests.swift; sourceTree = "<group>"; };
		F8CDA7DA1C14E47B00FD7AE2 /* Info.plist */ = {isa = PBXFileReference; lastKnownFileType = text.plist.xml; path = Info.plist; sourceTree = "<group>"; };
		F8CDA7DF1C14E47B00FD7AE2 /* AddMeUITests.xctest */ = {isa = PBXFileReference; explicitFileType = wrapper.cfbundle; includeInIndex = 0; path = AddMeUITests.xctest; sourceTree = BUILT_PRODUCTS_DIR; };
		F8CDA7E31C14E47B00FD7AE2 /* AddMeUITests.swift */ = {isa = PBXFileReference; lastKnownFileType = sourcecode.swift; path = AddMeUITests.swift; sourceTree = "<group>"; };
		F8CDA7E51C14E47B00FD7AE2 /* Info.plist */ = {isa = PBXFileReference; lastKnownFileType = text.plist.xml; path = Info.plist; sourceTree = "<group>"; };
/* End PBXFileReference section */

/* Begin PBXFrameworksBuildPhase section */
		F8CDA7BD1C14E47A00FD7AE2 /* Frameworks */ = {
			isa = PBXFrameworksBuildPhase;
			buildActionMask = 2147483647;
			files = (
			);
			runOnlyForDeploymentPostprocessing = 0;
		};
		F8CDA7D11C14E47B00FD7AE2 /* Frameworks */ = {
			isa = PBXFrameworksBuildPhase;
			buildActionMask = 2147483647;
			files = (
			);
			runOnlyForDeploymentPostprocessing = 0;
		};
		F8CDA7DC1C14E47B00FD7AE2 /* Frameworks */ = {
			isa = PBXFrameworksBuildPhase;
			buildActionMask = 2147483647;
			files = (
			);
			runOnlyForDeploymentPostprocessing = 0;
		};
/* End PBXFrameworksBuildPhase section */

/* Begin PBXGroup section */
		F8CDA7B71C14E47A00FD7AE2 = {
			isa = PBXGroup;
			children = (
				F8CDA7C21C14E47A00FD7AE2 /* AddMe */,
				F8CDA7D71C14E47B00FD7AE2 /* AddMeTests */,
				F8CDA7E21C14E47B00FD7AE2 /* AddMeUITests */,
				F8CDA7C11C14E47A00FD7AE2 /* Products */,
			);
			sourceTree = "<group>";
		};
		F8CDA7C11C14E47A00FD7AE2 /* Products */ = {
			isa = PBXGroup;
			children = (
				F8CDA7C01C14E47A00FD7AE2 /* AddMe.app */,
				F8CDA7D41C14E47B00FD7AE2 /* AddMeTests.xctest */,
				F8CDA7DF1C14E47B00FD7AE2 /* AddMeUITests.xctest */,
			);
			name = Products;
			sourceTree = "<group>";
		};
		F8CDA7C21C14E47A00FD7AE2 /* AddMe */ = {
			isa = PBXGroup;
			children = (
				F8CDA7C31C14E47A00FD7AE2 /* AppDelegate.swift */,
				F8CDA7C51C14E47A00FD7AE2 /* ViewController.swift */,
				F8CDA7C71C14E47A00FD7AE2 /* Main.storyboard */,
				F8CDA7CA1C14E47A00FD7AE2 /* Assets.xcassets */,
				F8CDA7CC1C14E47A00FD7AE2 /* LaunchScreen.storyboard */,
				F8CDA7CF1C14E47B00FD7AE2 /* Info.plist */,
			);
			path = AddMe;
			sourceTree = "<group>";
		};
		F8CDA7D71C14E47B00FD7AE2 /* AddMeTests */ = {
			isa = PBXGroup;
			children = (
				F8CDA7D81C14E47B00FD7AE2 /* AddMeTests.swift */,
				F8CDA7DA1C14E47B00FD7AE2 /* Info.plist */,
			);
			path = AddMeTests;
			sourceTree = "<group>";
		};
		F8CDA7E21C14E47B00FD7AE2 /* AddMeUITests */ = {
			isa = PBXGroup;
			children = (
				F8CDA7E31C14E47B00FD7AE2 /* AddMeUITests.swift */,
				F8CDA7E51C14E47B00FD7AE2 /* Info.plist */,
			);
			path = AddMeUITests;
			sourceTree = "<group>";
		};
/* End PBXGroup section */

/* Begin PBXNativeTarget section */
		F8CDA7BF1C14E47A00FD7AE2 /* AddMe */ = {
			isa = PBXNativeTarget;
			buildConfigurationList = F8CDA7E81C14E47B00FD7AE2 /* Build configuration list for PBXNativeTarget "AddMe" */;
			buildPhases = (
				F8CDA7BC1C14E47A00FD7AE2 /* Sources */,
				F8CDA7BD1C14E47A00FD7AE2 /* Frameworks */,
				F8CDA7BE1C14E47A00FD7AE2 /* Resources */,
			);
			buildRules = (
			);
			dependencies = (
			);
			name = AddMe;
			productName = AddMe;
			productReference = F8CDA7C01C14E47A00FD7AE2 /* AddMe.app */;
			productType = "com.apple.product-type.application";
		};
		F8CDA7D31C14E47B00FD7AE2 /* AddMeTests */ = {
			isa = PBXNativeTarget;
			buildConfigurationList = F8CDA7EB1C14E47B00FD7AE2 /* Build configuration list for PBXNativeTarget "AddMeTests" */;
			buildPhases = (
				F8CDA7D01C14E47B00FD7AE2 /* Sources */,
				F8CDA7D11C14E47B00FD7AE2 /* Frameworks */,
				F8CDA7D21C14E47B00FD7AE2 /* Resources */,
			);
			buildRules = (
			);
			dependencies = (
				F8CDA7D61C14E47B00FD7AE2 /* PBXTargetDependency */,
			);
			name = AddMeTests;
			productName = AddMeTests;
			productReference = F8CDA7D41C14E47B00FD7AE2 /* AddMeTests.xctest */;
			productType = "com.apple.product-type.bundle.unit-test";
		};
		F8CDA7DE1C14E47B00FD7AE2 /* AddMeUITests */ = {
			isa = PBXNativeTarget;
			buildConfigurationList = F8CDA7EE1C14E47B00FD7AE2 /* Build configuration list for PBXNativeTarget "AddMeUITests" */;
			buildPhases = (
				F8CDA7DB1C14E47B00FD7AE2 /* Sources */,
				F8CDA7DC1C14E47B00FD7AE2 /* Frameworks */,
				F8CDA7DD1C14E47B00FD7AE2 /* Resources */,
			);
			buildRules = (
			);
			dependencies = (
				F8CDA7E11C14E47B00FD7AE2 /* PBXTargetDependency */,
			);
			name = AddMeUITests;
			productName = AddMeUITests;
			productReference = F8CDA7DF1C14E47B00FD7AE2 /* AddMeUITests.xctest */;
			productType = "com.apple.product-type.bundle.ui-testing";
		};
/* End PBXNativeTarget section */

/* Begin PBXProject section */
		F8CDA7B81C14E47A00FD7AE2 /* Project object */ = {
			isa = PBXProject;
			attributes = {
				LastSwiftUpdateCheck = 0710;
				LastUpgradeCheck = 0710;
				ORGANIZATIONNAME = "Jermaine Lorenzo Goins";
				TargetAttributes = {
					F8CDA7BF1C14E47A00FD7AE2 = {
						CreatedOnToolsVersion = 7.1.1;
					};
					F8CDA7D31C14E47B00FD7AE2 = {
						CreatedOnToolsVersion = 7.1.1;
						TestTargetID = F8CDA7BF1C14E47A00FD7AE2;
					};
					F8CDA7DE1C14E47B00FD7AE2 = {
						CreatedOnToolsVersion = 7.1.1;
						TestTargetID = F8CDA7BF1C14E47A00FD7AE2;
					};
				};
			};
			buildConfigurationList = F8CDA7BB1C14E47A00FD7AE2 /* Build configuration list for PBXProject "AddMe" */;
			compatibilityVersion = "Xcode 3.2";
			developmentRegion = English;
			hasScannedForEncodings = 0;
			knownRegions = (
				en,
				Base,
			);
			mainGroup = F8CDA7B71C14E47A00FD7AE2;
			productRefGroup = F8CDA7C11C14E47A00FD7AE2 /* Products */;
			projectDirPath = "";
			projectRoot = "";
			targets = (
				F8CDA7BF1C14E47A00FD7AE2 /* AddMe */,
				F8CDA7D31C14E47B00FD7AE2 /* AddMeTests */,
				F8CDA7DE1C14E47B00FD7AE2 /* AddMeUITests */,
			);
		};
/* End PBXProject section */

/* Begin PBXResourcesBuildPhase section */
		F8CDA7BE1C14E47A00FD7AE2 /* Resources */ = {
			isa = PBXResourcesBuildPhase;
			buildActionMask = 2147483647;
			files = (
				F8CDA7CE1C14E47A00FD7AE2 /* LaunchScreen.storyboard in Resources */,
				F8CDA7CB1C14E47A00FD7AE2 /* Assets.xcassets in Resources */,
				F8CDA7C91C14E47A00FD7AE2 /* Main.storyboard in Resources */,
			);
			runOnlyForDeploymentPostprocessing = 0;
		};
		F8CDA7D21C14E47B00FD7AE2 /* Resources */ = {
			isa = PBXResourcesBuildPhase;
			buildActionMask = 2147483647;
			files = (
			);
			runOnlyForDeploymentPostprocessing = 0;
		};
		F8CDA7DD1C14E47B00FD7AE2 /* Resources */ = {
			isa = PBXResourcesBuildPhase;
			buildActionMask = 2147483647;
			files = (
			);
			runOnlyForDeploymentPostprocessing = 0;
		};
/* End PBXResourcesBuildPhase section */

/* Begin PBXSourcesBuildPhase section */
		F8CDA7BC1C14E47A00FD7AE2 /* Sources */ = {
			isa = PBXSourcesBuildPhase;
			buildActionMask = 2147483647;
			files = (
				F8CDA7C61C14E47A00FD7AE2 /* ViewController.swift in Sources */,
				F8CDA7C41C14E47A00FD7AE2 /* AppDelegate.swift in Sources */,
			);
			runOnlyForDeploymentPostprocessing = 0;
		};
		F8CDA7D01C14E47B00FD7AE2 /* Sources */ = {
			isa = PBXSourcesBuildPhase;
			buildActionMask = 2147483647;
			files = (
				F8CDA7D91C14E47B00FD7AE2 /* AddMeTests.swift in Sources */,
			);
			runOnlyForDeploymentPostprocessing = 0;
		};
		F8CDA7DB1C14E47B00FD7AE2 /* Sources */ = {
			isa = PBXSourcesBuildPhase;
			buildActionMask = 2147483647;
			files = (
				F8CDA7E41C14E47B00FD7AE2 /* AddMeUITests.swift in Sources */,
			);
			runOnlyForDeploymentPostprocessing = 0;
		};
/* End PBXSourcesBuildPhase section */

/* Begin PBXTargetDependency section */
		F8CDA7D61C14E47B00FD7AE2 /* PBXTargetDependency */ = {
			isa = PBXTargetDependency;
			target = F8CDA7BF1C14E47A00FD7AE2 /* AddMe */;
			targetProxy = F8CDA7D51C14E47B00FD7AE2 /* PBXContainerItemProxy */;
		};
		F8CDA7E11C14E47B00FD7AE2 /* PBXTargetDependency */ = {
			isa = PBXTargetDependency;
			target = F8CDA7BF1C14E47A00FD7AE2 /* AddMe */;
			targetProxy = F8CDA7E01C14E47B00FD7AE2 /* PBXContainerItemProxy */;
		};
/* End PBXTargetDependency section */

/* Begin PBXVariantGroup section */
		F8CDA7C71C14E47A00FD7AE2 /* Main.storyboard */ = {
			isa = PBXVariantGroup;
			children = (
				F8CDA7C81C14E47A00FD7AE2 /* Base */,
			);
			name = Main.storyboard;
			sourceTree = "<group>";
		};
		F8CDA7CC1C14E47A00FD7AE2 /* LaunchScreen.storyboard */ = {
			isa = PBXVariantGroup;
			children = (
				F8CDA7CD1C14E47A00FD7AE2 /* Base */,
			);
			name = LaunchScreen.storyboard;
			sourceTree = "<group>";
		};
/* End PBXVariantGroup section */

/* Begin XCBuildConfiguration section */
		F8CDA7E61C14E47B00FD7AE2 /* Debug */ = {
			isa = XCBuildConfiguration;
			buildSettings = {
				ALWAYS_SEARCH_USER_PATHS = NO;
				CLANG_CXX_LANGUAGE_STANDARD = "gnu++0x";
				CLANG_CXX_LIBRARY = "libc++";
				CLANG_ENABLE_MODULES = YES;
				CLANG_ENABLE_OBJC_ARC = YES;
				CLANG_WARN_BOOL_CONVERSION = YES;
				CLANG_WARN_CONSTANT_CONVERSION = YES;
				CLANG_WARN_DIRECT_OBJC_ISA_USAGE = YES_ERROR;
				CLANG_WARN_EMPTY_BODY = YES;
				CLANG_WARN_ENUM_CONVERSION = YES;
				CLANG_WARN_INT_CONVERSION = YES;
				CLANG_WARN_OBJC_ROOT_CLASS = YES_ERROR;
				CLANG_WARN_UNREACHABLE_CODE = YES;
				CLANG_WARN__DUPLICATE_METHOD_MATCH = YES;
				"CODE_SIGN_IDENTITY[sdk=iphoneos*]" = "iPhone Developer";
				COPY_PHASE_STRIP = NO;
				DEBUG_INFORMATION_FORMAT = dwarf;
				ENABLE_STRICT_OBJC_MSGSEND = YES;
				ENABLE_TESTABILITY = YES;
				GCC_C_LANGUAGE_STANDARD = gnu99;
				GCC_DYNAMIC_NO_PIC = NO;
				GCC_NO_COMMON_BLOCKS = YES;
				GCC_OPTIMIZATION_LEVEL = 0;
				GCC_PREPROCESSOR_DEFINITIONS = (
					"DEBUG=1",
					"$(inherited)",
				);
				GCC_WARN_64_TO_32_BIT_CONVERSION = YES;
				GCC_WARN_ABOUT_RETURN_TYPE = YES_ERROR;
				GCC_WARN_UNDECLARED_SELECTOR = YES;
				GCC_WARN_UNINITIALIZED_AUTOS = YES_AGGRESSIVE;
				GCC_WARN_UNUSED_FUNCTION = YES;
				GCC_WARN_UNUSED_VARIABLE = YES;
				IPHONEOS_DEPLOYMENT_TARGET = 9.1;
				MTL_ENABLE_DEBUG_INFO = YES;
				ONLY_ACTIVE_ARCH = YES;
				SDKROOT = iphoneos;
				SWIFT_OPTIMIZATION_LEVEL = "-Onone";
				TARGETED_DEVICE_FAMILY = "1,2";
			};
			name = Debug;
		};
		F8CDA7E71C14E47B00FD7AE2 /* Release */ = {
			isa = XCBuildConfiguration;
			buildSettings = {
				ALWAYS_SEARCH_USER_PATHS = NO;
				CLANG_CXX_LANGUAGE_STANDARD = "gnu++0x";
				CLANG_CXX_LIBRARY = "libc++";
				CLANG_ENABLE_MODULES = YES;
				CLANG_ENABLE_OBJC_ARC = YES;
				CLANG_WARN_BOOL_CONVERSION = YES;
				CLANG_WARN_CONSTANT_CONVERSION = YES;
				CLANG_WARN_DIRECT_OBJC_ISA_USAGE = YES_ERROR;
				CLANG_WARN_EMPTY_BODY = YES;
				CLANG_WARN_ENUM_CONVERSION = YES;
				CLANG_WARN_INT_CONVERSION = YES;
				CLANG_WARN_OBJC_ROOT_CLASS = YES_ERROR;
				CLANG_WARN_UNREACHABLE_CODE = YES;
				CLANG_WARN__DUPLICATE_METHOD_MATCH = YES;
				"CODE_SIGN_IDENTITY[sdk=iphoneos*]" = "iPhone Developer";
				COPY_PHASE_STRIP = NO;
				DEBUG_INFORMATION_FORMAT = "dwarf-with-dsym";
				ENABLE_NS_ASSERTIONS = NO;
				ENABLE_STRICT_OBJC_MSGSEND = YES;
				GCC_C_LANGUAGE_STANDARD = gnu99;
				GCC_NO_COMMON_BLOCKS = YES;
				GCC_WARN_64_TO_32_BIT_CONVERSION = YES;
				GCC_WARN_ABOUT_RETURN_TYPE = YES_ERROR;
				GCC_WARN_UNDECLARED_SELECTOR = YES;
				GCC_WARN_UNINITIALIZED_AUTOS = YES_AGGRESSIVE;
				GCC_WARN_UNUSED_FUNCTION = YES;
				GCC_WARN_UNUSED_VARIABLE = YES;
				IPHONEOS_DEPLOYMENT_TARGET = 9.1;
				MTL_ENABLE_DEBUG_INFO = NO;
				SDKROOT = iphoneos;
				TARGETED_DEVICE_FAMILY = "1,2";
				VALIDATE_PRODUCT = YES;
			};
			name = Release;
		};
		F8CDA7E91C14E47B00FD7AE2 /* Debug */ = {
			isa = XCBuildConfiguration;
			buildSettings = {
				ASSETCATALOG_COMPILER_APPICON_NAME = AppIcon;
				INFOPLIST_FILE = AddMe/Info.plist;
				LD_RUNPATH_SEARCH_PATHS = "$(inherited) @executable_path/Frameworks";
				PRODUCT_BUNDLE_IDENTIFIER = com.tower2.AddMe;
				PRODUCT_NAME = "$(TARGET_NAME)";
			};
			name = Debug;
		};
		F8CDA7EA1C14E47B00FD7AE2 /* Release */ = {
			isa = XCBuildConfiguration;
			buildSettings = {
				ASSETCATALOG_COMPILER_APPICON_NAME = AppIcon;
				INFOPLIST_FILE = AddMe/Info.plist;
				LD_RUNPATH_SEARCH_PATHS = "$(inherited) @executable_path/Frameworks";
				PRODUCT_BUNDLE_IDENTIFIER = com.tower2.AddMe;
				PRODUCT_NAME = "$(TARGET_NAME)";
			};
			name = Release;
		};
		F8CDA7EC1C14E47B00FD7AE2 /* Debug */ = {
			isa = XCBuildConfiguration;
			buildSettings = {
				BUNDLE_LOADER = "$(TEST_HOST)";
				INFOPLIST_FILE = AddMeTests/Info.plist;
				LD_RUNPATH_SEARCH_PATHS = "$(inherited) @executable_path/Frameworks @loader_path/Frameworks";
				PRODUCT_BUNDLE_IDENTIFIER = com.tower2.AddMeTests;
				PRODUCT_NAME = "$(TARGET_NAME)";
				TEST_HOST = "$(BUILT_PRODUCTS_DIR)/AddMe.app/AddMe";
			};
			name = Debug;
		};
		F8CDA7ED1C14E47B00FD7AE2 /* Release */ = {
			isa = XCBuildConfiguration;
			buildSettings = {
				BUNDLE_LOADER = "$(TEST_HOST)";
				INFOPLIST_FILE = AddMeTests/Info.plist;
				LD_RUNPATH_SEARCH_PATHS = "$(inherited) @executable_path/Frameworks @loader_path/Frameworks";
				PRODUCT_BUNDLE_IDENTIFIER = com.tower2.AddMeTests;
				PRODUCT_NAME = "$(TARGET_NAME)";
				TEST_HOST = "$(BUILT_PRODUCTS_DIR)/AddMe.app/AddMe";
			};
			name = Release;
		};
		F8CDA7EF1C14E47B00FD7AE2 /* Debug */ = {
			isa = XCBuildConfiguration;
			buildSettings = {
				INFOPLIST_FILE = AddMeUITests/Info.plist;
				LD_RUNPATH_SEARCH_PATHS = "$(inherited) @executable_path/Frameworks @loader_path/Frameworks";
				PRODUCT_BUNDLE_IDENTIFIER = com.tower2.AddMeUITests;
				PRODUCT_NAME = "$(TARGET_NAME)";
				TEST_TARGET_NAME = AddMe;
				USES_XCTRUNNER = YES;
			};
			name = Debug;
		};
		F8CDA7F01C14E47B00FD7AE2 /* Release */ = {
			isa = XCBuildConfiguration;
			buildSettings = {
				INFOPLIST_FILE = AddMeUITests/Info.plist;
				LD_RUNPATH_SEARCH_PATHS = "$(inherited) @executable_path/Frameworks @loader_path/Frameworks";
				PRODUCT_BUNDLE_IDENTIFIER = com.tower2.AddMeUITests;
				PRODUCT_NAME = "$(TARGET_NAME)";
				TEST_TARGET_NAME = AddMe;
				USES_XCTRUNNER = YES;
			};
			name = Release;
		};
/* End XCBuildConfiguration section */

/* Begin XCConfigurationList section */
		F8CDA7BB1C14E47A00FD7AE2 /* Build configuration list for PBXProject "AddMe" */ = {
			isa = XCConfigurationList;
			buildConfigurations = (
				F8CDA7E61C14E47B00FD7AE2 /* Debug */,
				F8CDA7E71C14E47B00FD7AE2 /* Release */,
			);
			defaultConfigurationIsVisible = 0;
			defaultConfigurationName = Release;
		};
		F8CDA7E81C14E47B00FD7AE2 /* Build configuration list for PBXNativeTarget "AddMe" */ = {
			isa = XCConfigurationList;
			buildConfigurations = (
				F8CDA7E91C14E47B00FD7AE2 /* Debug */,
				F8CDA7EA1C14E47B00FD7AE2 /* Release */,
			);
			defaultConfigurationIsVisible = 0;
		};
		F8CDA7EB1C14E47B00FD7AE2 /* Build configuration list for PBXNativeTarget "AddMeTests" */ = {
			isa = XCConfigurationList;
			buildConfigurations = (
				F8CDA7EC1C14E47B00FD7AE2 /* Debug */,
				F8CDA7ED1C14E47B00FD7AE2 /* Release */,
			);
			defaultConfigurationIsVisible = 0;
		};
		F8CDA7EE1C14E47B00FD7AE2 /* Build configuration list for PBXNativeTarget "AddMeUITests" */ = {
			isa = XCConfigurationList;
			buildConfigurations = (
				F8CDA7EF1C14E47B00FD7AE2 /* Debug */,
				F8CDA7F01C14E47B00FD7AE2 /* Release */,
			);
			defaultConfigurationIsVisible = 0;
		};
/* End XCConfigurationList section */
	};
	rootObject = F8CDA7B81C14E47A00FD7AE2 /* Project object */;
}
