// !$*UTF8*$!
{
	archiveVersion = 1;
	classes = {
	};
	objectVersion = 46;
	objects = {

/* Begin PBXBuildFile section */
		F874F0D8200EF31400A848D0 /* AppDelegate.swift in Sources */ = {isa = PBXBuildFile; fileRef = F874F0D7200EF31400A848D0 /* AppDelegate.swift */; };
		F874F0DA200EF31400A848D0 /* RecordSoundsViewController.swift in Sources */ = {isa = PBXBuildFile; fileRef = F874F0D9200EF31400A848D0 /* RecordSoundsViewController.swift */; };
		F874F0DD200EF31400A848D0 /* Main.storyboard in Resources */ = {isa = PBXBuildFile; fileRef = F874F0DB200EF31400A848D0 /* Main.storyboard */; };
		F874F0DF200EF31400A848D0 /* Assets.xcassets in Resources */ = {isa = PBXBuildFile; fileRef = F874F0DE200EF31400A848D0 /* Assets.xcassets */; };
		F874F0E2200EF31400A848D0 /* LaunchScreen.storyboard in Resources */ = {isa = PBXBuildFile; fileRef = F874F0E0200EF31400A848D0 /* LaunchScreen.storyboard */; };
		F874F0ED200EF31500A848D0 /* Read2MeTests.swift in Sources */ = {isa = PBXBuildFile; fileRef = F874F0EC200EF31500A848D0 /* Read2MeTests.swift */; };
		F874F0F8200EF31500A848D0 /* Read2MeUITests.swift in Sources */ = {isa = PBXBuildFile; fileRef = F874F0F7200EF31500A848D0 /* Read2MeUITests.swift */; };
		F874F106201242C300A848D0 /* PlaySoundsViewController.swift in Sources */ = {isa = PBXBuildFile; fileRef = F874F105201242C300A848D0 /* PlaySoundsViewController.swift */; };
		F8CB71F02024BBD700CB81D1 /* Read2MeScene.swift in Sources */ = {isa = PBXBuildFile; fileRef = F8CB71EF2024BBD700CB81D1 /* Read2MeScene.swift */; };
		F8CB71F2202A588600CB81D1 /* playsoundsviewcontroller-audio.swift in Sources */ = {isa = PBXBuildFile; fileRef = F8CB71F1202A588600CB81D1 /* playsoundsviewcontroller-audio.swift */; };
		F8CB71F42035D4BE00CB81D1 /* MiddleMan.swift in Sources */ = {isa = PBXBuildFile; fileRef = F8CB71F32035D4BE00CB81D1 /* MiddleMan.swift */; };
/* End PBXBuildFile section */

/* Begin PBXContainerItemProxy section */
		F874F0E9200EF31400A848D0 /* PBXContainerItemProxy */ = {
			isa = PBXContainerItemProxy;
			containerPortal = F874F0CC200EF31300A848D0 /* Project object */;
			proxyType = 1;
			remoteGlobalIDString = F874F0D3200EF31300A848D0;
			remoteInfo = Read2Me;
		};
		F874F0F4200EF31500A848D0 /* PBXContainerItemProxy */ = {
			isa = PBXContainerItemProxy;
			containerPortal = F874F0CC200EF31300A848D0 /* Project object */;
			proxyType = 1;
			remoteGlobalIDString = F874F0D3200EF31300A848D0;
			remoteInfo = Read2Me;
		};
/* End PBXContainerItemProxy section */

/* Begin PBXFileReference section */
		F874F0D4200EF31300A848D0 /* Read2Me.app */ = {isa = PBXFileReference; explicitFileType = wrapper.application; includeInIndex = 0; path = Read2Me.app; sourceTree = BUILT_PRODUCTS_DIR; };
		F874F0D7200EF31400A848D0 /* AppDelegate.swift */ = {isa = PBXFileReference; lastKnownFileType = sourcecode.swift; path = AppDelegate.swift; sourceTree = "<group>"; };
		F874F0D9200EF31400A848D0 /* RecordSoundsViewController.swift */ = {isa = PBXFileReference; lastKnownFileType = sourcecode.swift; path = RecordSoundsViewController.swift; sourceTree = "<group>"; };
		F874F0DC200EF31400A848D0 /* Base */ = {isa = PBXFileReference; lastKnownFileType = file.storyboard; name = Base; path = Base.lproj/Main.storyboard; sourceTree = "<group>"; };
		F874F0DE200EF31400A848D0 /* Assets.xcassets */ = {isa = PBXFileReference; lastKnownFileType = folder.assetcatalog; path = Assets.xcassets; sourceTree = "<group>"; };
		F874F0E1200EF31400A848D0 /* Base */ = {isa = PBXFileReference; lastKnownFileType = file.storyboard; name = Base; path = Base.lproj/LaunchScreen.storyboard; sourceTree = "<group>"; };
		F874F0E3200EF31400A848D0 /* Info.plist */ = {isa = PBXFileReference; lastKnownFileType = text.plist.xml; path = Info.plist; sourceTree = "<group>"; };
		F874F0E8200EF31400A848D0 /* Read2MeTests.xctest */ = {isa = PBXFileReference; explicitFileType = wrapper.cfbundle; includeInIndex = 0; path = Read2MeTests.xctest; sourceTree = BUILT_PRODUCTS_DIR; };
		F874F0EC200EF31500A848D0 /* Read2MeTests.swift */ = {isa = PBXFileReference; lastKnownFileType = sourcecode.swift; path = Read2MeTests.swift; sourceTree = "<group>"; };
		F874F0EE200EF31500A848D0 /* Info.plist */ = {isa = PBXFileReference; lastKnownFileType = text.plist.xml; path = Info.plist; sourceTree = "<group>"; };
		F874F0F3200EF31500A848D0 /* Read2MeUITests.xctest */ = {isa = PBXFileReference; explicitFileType = wrapper.cfbundle; includeInIndex = 0; path = Read2MeUITests.xctest; sourceTree = BUILT_PRODUCTS_DIR; };
		F874F0F7200EF31500A848D0 /* Read2MeUITests.swift */ = {isa = PBXFileReference; lastKnownFileType = sourcecode.swift; path = Read2MeUITests.swift; sourceTree = "<group>"; };
		F874F0F9200EF31500A848D0 /* Info.plist */ = {isa = PBXFileReference; lastKnownFileType = text.plist.xml; path = Info.plist; sourceTree = "<group>"; };
		F874F105201242C300A848D0 /* PlaySoundsViewController.swift */ = {isa = PBXFileReference; fileEncoding = 4; lastKnownFileType = sourcecode.swift; path = PlaySoundsViewController.swift; sourceTree = "<group>"; };
		F8CB71EF2024BBD700CB81D1 /* Read2MeScene.swift */ = {isa = PBXFileReference; fileEncoding = 4; lastKnownFileType = sourcecode.swift; path = Read2MeScene.swift; sourceTree = "<group>"; };
		F8CB71F1202A588600CB81D1 /* playsoundsviewcontroller-audio.swift */ = {isa = PBXFileReference; fileEncoding = 4; lastKnownFileType = sourcecode.swift; path = "playsoundsviewcontroller-audio.swift"; sourceTree = "<group>"; };
		F8CB71F32035D4BE00CB81D1 /* MiddleMan.swift */ = {isa = PBXFileReference; fileEncoding = 4; lastKnownFileType = sourcecode.swift; path = MiddleMan.swift; sourceTree = "<group>"; };
/* End PBXFileReference section */

/* Begin PBXFrameworksBuildPhase section */
		F874F0D1200EF31300A848D0 /* Frameworks */ = {
			isa = PBXFrameworksBuildPhase;
			buildActionMask = 2147483647;
			files = (
			);
			runOnlyForDeploymentPostprocessing = 0;
		};
		F874F0E5200EF31400A848D0 /* Frameworks */ = {
			isa = PBXFrameworksBuildPhase;
			buildActionMask = 2147483647;
			files = (
			);
			runOnlyForDeploymentPostprocessing = 0;
		};
		F874F0F0200EF31500A848D0 /* Frameworks */ = {
			isa = PBXFrameworksBuildPhase;
			buildActionMask = 2147483647;
			files = (
			);
			runOnlyForDeploymentPostprocessing = 0;
		};
/* End PBXFrameworksBuildPhase section */

/* Begin PBXGroup section */
		F874F0CB200EF31300A848D0 = {
			isa = PBXGroup;
			children = (
				F874F0D6200EF31300A848D0 /* Read2Me */,
				F874F0EB200EF31400A848D0 /* Read2MeTests */,
				F874F0F6200EF31500A848D0 /* Read2MeUITests */,
				F874F0D5200EF31300A848D0 /* Products */,
			);
			sourceTree = "<group>";
		};
		F874F0D5200EF31300A848D0 /* Products */ = {
			isa = PBXGroup;
			children = (
				F874F0D4200EF31300A848D0 /* Read2Me.app */,
				F874F0E8200EF31400A848D0 /* Read2MeTests.xctest */,
				F874F0F3200EF31500A848D0 /* Read2MeUITests.xctest */,
			);
			name = Products;
			sourceTree = "<group>";
		};
		F874F0D6200EF31300A848D0 /* Read2Me */ = {
			isa = PBXGroup;
			children = (
				F874F0D7200EF31400A848D0 /* AppDelegate.swift */,
				F874F0D9200EF31400A848D0 /* RecordSoundsViewController.swift */,
				F874F0DB200EF31400A848D0 /* Main.storyboard */,
				F874F0DE200EF31400A848D0 /* Assets.xcassets */,
				F874F0E0200EF31400A848D0 /* LaunchScreen.storyboard */,
				F874F0E3200EF31400A848D0 /* Info.plist */,
				F874F105201242C300A848D0 /* PlaySoundsViewController.swift */,
				F8CB71EF2024BBD700CB81D1 /* Read2MeScene.swift */,
				F8CB71F1202A588600CB81D1 /* playsoundsviewcontroller-audio.swift */,
				F8CB71F32035D4BE00CB81D1 /* MiddleMan.swift */,
			);
			path = Read2Me;
			sourceTree = "<group>";
		};
		F874F0EB200EF31400A848D0 /* Read2MeTests */ = {
			isa = PBXGroup;
			children = (
				F874F0EC200EF31500A848D0 /* Read2MeTests.swift */,
				F874F0EE200EF31500A848D0 /* Info.plist */,
			);
			path = Read2MeTests;
			sourceTree = "<group>";
		};
		F874F0F6200EF31500A848D0 /* Read2MeUITests */ = {
			isa = PBXGroup;
			children = (
				F874F0F7200EF31500A848D0 /* Read2MeUITests.swift */,
				F874F0F9200EF31500A848D0 /* Info.plist */,
			);
			path = Read2MeUITests;
			sourceTree = "<group>";
		};
/* End PBXGroup section */

/* Begin PBXNativeTarget section */
		F874F0D3200EF31300A848D0 /* Read2Me */ = {
			isa = PBXNativeTarget;
			buildConfigurationList = F874F0FC200EF31500A848D0 /* Build configuration list for PBXNativeTarget "Read2Me" */;
			buildPhases = (
				F874F0D0200EF31300A848D0 /* Sources */,
				F874F0D1200EF31300A848D0 /* Frameworks */,
				F874F0D2200EF31300A848D0 /* Resources */,
			);
			buildRules = (
			);
			dependencies = (
			);
			name = Read2Me;
			productName = Read2Me;
			productReference = F874F0D4200EF31300A848D0 /* Read2Me.app */;
			productType = "com.apple.product-type.application";
		};
		F874F0E7200EF31400A848D0 /* Read2MeTests */ = {
			isa = PBXNativeTarget;
			buildConfigurationList = F874F0FF200EF31500A848D0 /* Build configuration list for PBXNativeTarget "Read2MeTests" */;
			buildPhases = (
				F874F0E4200EF31400A848D0 /* Sources */,
				F874F0E5200EF31400A848D0 /* Frameworks */,
				F874F0E6200EF31400A848D0 /* Resources */,
			);
			buildRules = (
			);
			dependencies = (
				F874F0EA200EF31400A848D0 /* PBXTargetDependency */,
			);
			name = Read2MeTests;
			productName = Read2MeTests;
			productReference = F874F0E8200EF31400A848D0 /* Read2MeTests.xctest */;
			productType = "com.apple.product-type.bundle.unit-test";
		};
		F874F0F2200EF31500A848D0 /* Read2MeUITests */ = {
			isa = PBXNativeTarget;
			buildConfigurationList = F874F102200EF31500A848D0 /* Build configuration list for PBXNativeTarget "Read2MeUITests" */;
			buildPhases = (
				F874F0EF200EF31500A848D0 /* Sources */,
				F874F0F0200EF31500A848D0 /* Frameworks */,
				F874F0F1200EF31500A848D0 /* Resources */,
			);
			buildRules = (
			);
			dependencies = (
				F874F0F5200EF31500A848D0 /* PBXTargetDependency */,
			);
			name = Read2MeUITests;
			productName = Read2MeUITests;
			productReference = F874F0F3200EF31500A848D0 /* Read2MeUITests.xctest */;
			productType = "com.apple.product-type.bundle.ui-testing";
		};
/* End PBXNativeTarget section */

/* Begin PBXProject section */
		F874F0CC200EF31300A848D0 /* Project object */ = {
			isa = PBXProject;
			attributes = {
				LastSwiftUpdateCheck = 0800;
				LastUpgradeCheck = 0800;
				ORGANIZATIONNAME = "Jermaine Lorenzo Goins";
				TargetAttributes = {
					F874F0D3200EF31300A848D0 = {
						CreatedOnToolsVersion = 8.0;
						ProvisioningStyle = Automatic;
					};
					F874F0E7200EF31400A848D0 = {
						CreatedOnToolsVersion = 8.0;
						ProvisioningStyle = Automatic;
						TestTargetID = F874F0D3200EF31300A848D0;
					};
					F874F0F2200EF31500A848D0 = {
						CreatedOnToolsVersion = 8.0;
						ProvisioningStyle = Automatic;
						TestTargetID = F874F0D3200EF31300A848D0;
					};
				};
			};
			buildConfigurationList = F874F0CF200EF31300A848D0 /* Build configuration list for PBXProject "Read2Me" */;
			compatibilityVersion = "Xcode 3.2";
			developmentRegion = English;
			hasScannedForEncodings = 0;
			knownRegions = (
				en,
				Base,
			);
			mainGroup = F874F0CB200EF31300A848D0;
			productRefGroup = F874F0D5200EF31300A848D0 /* Products */;
			projectDirPath = "";
			projectRoot = "";
			targets = (
				F874F0D3200EF31300A848D0 /* Read2Me */,
				F874F0E7200EF31400A848D0 /* Read2MeTests */,
				F874F0F2200EF31500A848D0 /* Read2MeUITests */,
			);
		};
/* End PBXProject section */

/* Begin PBXResourcesBuildPhase section */
		F874F0D2200EF31300A848D0 /* Resources */ = {
			isa = PBXResourcesBuildPhase;
			buildActionMask = 2147483647;
			files = (
				F874F0E2200EF31400A848D0 /* LaunchScreen.storyboard in Resources */,
				F874F0DF200EF31400A848D0 /* Assets.xcassets in Resources */,
				F874F0DD200EF31400A848D0 /* Main.storyboard in Resources */,
			);
			runOnlyForDeploymentPostprocessing = 0;
		};
		F874F0E6200EF31400A848D0 /* Resources */ = {
			isa = PBXResourcesBuildPhase;
			buildActionMask = 2147483647;
			files = (
			);
			runOnlyForDeploymentPostprocessing = 0;
		};
		F874F0F1200EF31500A848D0 /* Resources */ = {
			isa = PBXResourcesBuildPhase;
			buildActionMask = 2147483647;
			files = (
			);
			runOnlyForDeploymentPostprocessing = 0;
		};
/* End PBXResourcesBuildPhase section */

/* Begin PBXSourcesBuildPhase section */
		F874F0D0200EF31300A848D0 /* Sources */ = {
			isa = PBXSourcesBuildPhase;
			buildActionMask = 2147483647;
			files = (
				F874F0DA200EF31400A848D0 /* RecordSoundsViewController.swift in Sources */,
				F8CB71F2202A588600CB81D1 /* playsoundsviewcontroller-audio.swift in Sources */,
				F874F106201242C300A848D0 /* PlaySoundsViewController.swift in Sources */,
				F8CB71F42035D4BE00CB81D1 /* MiddleMan.swift in Sources */,
				F874F0D8200EF31400A848D0 /* AppDelegate.swift in Sources */,
				F8CB71F02024BBD700CB81D1 /* Read2MeScene.swift in Sources */,
			);
			runOnlyForDeploymentPostprocessing = 0;
		};
		F874F0E4200EF31400A848D0 /* Sources */ = {
			isa = PBXSourcesBuildPhase;
			buildActionMask = 2147483647;
			files = (
				F874F0ED200EF31500A848D0 /* Read2MeTests.swift in Sources */,
			);
			runOnlyForDeploymentPostprocessing = 0;
		};
		F874F0EF200EF31500A848D0 /* Sources */ = {
			isa = PBXSourcesBuildPhase;
			buildActionMask = 2147483647;
			files = (
				F874F0F8200EF31500A848D0 /* Read2MeUITests.swift in Sources */,
			);
			runOnlyForDeploymentPostprocessing = 0;
		};
/* End PBXSourcesBuildPhase section */

/* Begin PBXTargetDependency section */
		F874F0EA200EF31400A848D0 /* PBXTargetDependency */ = {
			isa = PBXTargetDependency;
			target = F874F0D3200EF31300A848D0 /* Read2Me */;
			targetProxy = F874F0E9200EF31400A848D0 /* PBXContainerItemProxy */;
		};
		F874F0F5200EF31500A848D0 /* PBXTargetDependency */ = {
			isa = PBXTargetDependency;
			target = F874F0D3200EF31300A848D0 /* Read2Me */;
			targetProxy = F874F0F4200EF31500A848D0 /* PBXContainerItemProxy */;
		};
/* End PBXTargetDependency section */

/* Begin PBXVariantGroup section */
		F874F0DB200EF31400A848D0 /* Main.storyboard */ = {
			isa = PBXVariantGroup;
			children = (
				F874F0DC200EF31400A848D0 /* Base */,
			);
			name = Main.storyboard;
			sourceTree = "<group>";
		};
		F874F0E0200EF31400A848D0 /* LaunchScreen.storyboard */ = {
			isa = PBXVariantGroup;
			children = (
				F874F0E1200EF31400A848D0 /* Base */,
			);
			name = LaunchScreen.storyboard;
			sourceTree = "<group>";
		};
/* End PBXVariantGroup section */

/* Begin XCBuildConfiguration section */
		F874F0FA200EF31500A848D0 /* Debug */ = {
			isa = XCBuildConfiguration;
			buildSettings = {
				ALWAYS_SEARCH_USER_PATHS = NO;
				CLANG_ANALYZER_NONNULL = YES;
				CLANG_CXX_LANGUAGE_STANDARD = "gnu++0x";
				CLANG_CXX_LIBRARY = "libc++";
				CLANG_ENABLE_MODULES = YES;
				CLANG_ENABLE_OBJC_ARC = YES;
				CLANG_WARN_BOOL_CONVERSION = YES;
				CLANG_WARN_CONSTANT_CONVERSION = YES;
				CLANG_WARN_DIRECT_OBJC_ISA_USAGE = YES_ERROR;
				CLANG_WARN_DOCUMENTATION_COMMENTS = YES;
				CLANG_WARN_EMPTY_BODY = YES;
				CLANG_WARN_ENUM_CONVERSION = YES;
				CLANG_WARN_INFINITE_RECURSION = YES;
				CLANG_WARN_INT_CONVERSION = YES;
				CLANG_WARN_OBJC_ROOT_CLASS = YES_ERROR;
				CLANG_WARN_SUSPICIOUS_MOVES = YES;
				CLANG_WARN_UNREACHABLE_CODE = YES;
				CLANG_WARN__DUPLICATE_METHOD_MATCH = YES;
				"CODE_SIGN_IDENTITY[sdk=iphoneos*]" = "iPhone Developer";
				COPY_PHASE_STRIP = NO;
				DEBUG_INFORMATION_FORMAT = dwarf;
				ENABLE_STRICT_OBJC_MSGSEND = YES;
				ENABLE_TESTABILITY = YES;
				GCC_C_LANGUAGE_STANDARD = gnu99;
				GCC_DYNAMIC_NO_PIC = NO;
				GCC_NO_COMMON_BLOCKS = YES;
				GCC_OPTIMIZATION_LEVEL = 0;
				GCC_PREPROCESSOR_DEFINITIONS = (
					"DEBUG=1",
					"$(inherited)",
				);
				GCC_WARN_64_TO_32_BIT_CONVERSION = YES;
				GCC_WARN_ABOUT_RETURN_TYPE = YES_ERROR;
				GCC_WARN_UNDECLARED_SELECTOR = YES;
				GCC_WARN_UNINITIALIZED_AUTOS = YES_AGGRESSIVE;
				GCC_WARN_UNUSED_FUNCTION = YES;
				GCC_WARN_UNUSED_VARIABLE = YES;
				IPHONEOS_DEPLOYMENT_TARGET = 10.0;
				MTL_ENABLE_DEBUG_INFO = YES;
				ONLY_ACTIVE_ARCH = YES;
				SDKROOT = iphoneos;
				SWIFT_ACTIVE_COMPILATION_CONDITIONS = DEBUG;
				SWIFT_OPTIMIZATION_LEVEL = "-Onone";
				TARGETED_DEVICE_FAMILY = "1,2";
			};
			name = Debug;
		};
		F874F0FB200EF31500A848D0 /* Release */ = {
			isa = XCBuildConfiguration;
			buildSettings = {
				ALWAYS_SEARCH_USER_PATHS = NO;
				CLANG_ANALYZER_NONNULL = YES;
				CLANG_CXX_LANGUAGE_STANDARD = "gnu++0x";
				CLANG_CXX_LIBRARY = "libc++";
				CLANG_ENABLE_MODULES = YES;
				CLANG_ENABLE_OBJC_ARC = YES;
				CLANG_WARN_BOOL_CONVERSION = YES;
				CLANG_WARN_CONSTANT_CONVERSION = YES;
				CLANG_WARN_DIRECT_OBJC_ISA_USAGE = YES_ERROR;
				CLANG_WARN_DOCUMENTATION_COMMENTS = YES;
				CLANG_WARN_EMPTY_BODY = YES;
				CLANG_WARN_ENUM_CONVERSION = YES;
				CLANG_WARN_INFINITE_RECURSION = YES;
				CLANG_WARN_INT_CONVERSION = YES;
				CLANG_WARN_OBJC_ROOT_CLASS = YES_ERROR;
				CLANG_WARN_SUSPICIOUS_MOVES = YES;
				CLANG_WARN_UNREACHABLE_CODE = YES;
				CLANG_WARN__DUPLICATE_METHOD_MATCH = YES;
				"CODE_SIGN_IDENTITY[sdk=iphoneos*]" = "iPhone Developer";
				COPY_PHASE_STRIP = NO;
				DEBUG_INFORMATION_FORMAT = "dwarf-with-dsym";
				ENABLE_NS_ASSERTIONS = NO;
				ENABLE_STRICT_OBJC_MSGSEND = YES;
				GCC_C_LANGUAGE_STANDARD = gnu99;
				GCC_NO_COMMON_BLOCKS = YES;
				GCC_WARN_64_TO_32_BIT_CONVERSION = YES;
				GCC_WARN_ABOUT_RETURN_TYPE = YES_ERROR;
				GCC_WARN_UNDECLARED_SELECTOR = YES;
				GCC_WARN_UNINITIALIZED_AUTOS = YES_AGGRESSIVE;
				GCC_WARN_UNUSED_FUNCTION = YES;
				GCC_WARN_UNUSED_VARIABLE = YES;
				IPHONEOS_DEPLOYMENT_TARGET = 10.0;
				MTL_ENABLE_DEBUG_INFO = NO;
				SDKROOT = iphoneos;
				SWIFT_OPTIMIZATION_LEVEL = "-Owholemodule";
				TARGETED_DEVICE_FAMILY = "1,2";
				VALIDATE_PRODUCT = YES;
			};
			name = Release;
		};
		F874F0FD200EF31500A848D0 /* Debug */ = {
			isa = XCBuildConfiguration;
			buildSettings = {
				ASSETCATALOG_COMPILER_APPICON_NAME = AppIcon;
				INFOPLIST_FILE = Read2Me/Info.plist;
				LD_RUNPATH_SEARCH_PATHS = "$(inherited) @executable_path/Frameworks";
				PRODUCT_BUNDLE_IDENTIFIER = com.tower2.Read2Me;
				PRODUCT_NAME = "$(TARGET_NAME)";
				SWIFT_VERSION = 3.0;
			};
			name = Debug;
		};
		F874F0FE200EF31500A848D0 /* Release */ = {
			isa = XCBuildConfiguration;
			buildSettings = {
				ASSETCATALOG_COMPILER_APPICON_NAME = AppIcon;
				INFOPLIST_FILE = Read2Me/Info.plist;
				LD_RUNPATH_SEARCH_PATHS = "$(inherited) @executable_path/Frameworks";
				PRODUCT_BUNDLE_IDENTIFIER = com.tower2.Read2Me;
				PRODUCT_NAME = "$(TARGET_NAME)";
				SWIFT_VERSION = 3.0;
			};
			name = Release;
		};
		F874F100200EF31500A848D0 /* Debug */ = {
			isa = XCBuildConfiguration;
			buildSettings = {
				ALWAYS_EMBED_SWIFT_STANDARD_LIBRARIES = YES;
				BUNDLE_LOADER = "$(TEST_HOST)";
				INFOPLIST_FILE = Read2MeTests/Info.plist;
				LD_RUNPATH_SEARCH_PATHS = "$(inherited) @executable_path/Frameworks @loader_path/Frameworks";
				PRODUCT_BUNDLE_IDENTIFIER = com.tower2.Read2MeTests;
				PRODUCT_NAME = "$(TARGET_NAME)";
				SWIFT_VERSION = 3.0;
				TEST_HOST = "$(BUILT_PRODUCTS_DIR)/Read2Me.app/Read2Me";
			};
			name = Debug;
		};
		F874F101200EF31500A848D0 /* Release */ = {
			isa = XCBuildConfiguration;
			buildSettings = {
				ALWAYS_EMBED_SWIFT_STANDARD_LIBRARIES = YES;
				BUNDLE_LOADER = "$(TEST_HOST)";
				INFOPLIST_FILE = Read2MeTests/Info.plist;
				LD_RUNPATH_SEARCH_PATHS = "$(inherited) @executable_path/Frameworks @loader_path/Frameworks";
				PRODUCT_BUNDLE_IDENTIFIER = com.tower2.Read2MeTests;
				PRODUCT_NAME = "$(TARGET_NAME)";
				SWIFT_VERSION = 3.0;
				TEST_HOST = "$(BUILT_PRODUCTS_DIR)/Read2Me.app/Read2Me";
			};
			name = Release;
		};
		F874F103200EF31500A848D0 /* Debug */ = {
			isa = XCBuildConfiguration;
			buildSettings = {
				ALWAYS_EMBED_SWIFT_STANDARD_LIBRARIES = YES;
				INFOPLIST_FILE = Read2MeUITests/Info.plist;
				LD_RUNPATH_SEARCH_PATHS = "$(inherited) @executable_path/Frameworks @loader_path/Frameworks";
				PRODUCT_BUNDLE_IDENTIFIER = com.tower2.Read2MeUITests;
				PRODUCT_NAME = "$(TARGET_NAME)";
				SWIFT_VERSION = 3.0;
				TEST_TARGET_NAME = Read2Me;
			};
			name = Debug;
		};
		F874F104200EF31500A848D0 /* Release */ = {
			isa = XCBuildConfiguration;
			buildSettings = {
				ALWAYS_EMBED_SWIFT_STANDARD_LIBRARIES = YES;
				INFOPLIST_FILE = Read2MeUITests/Info.plist;
				LD_RUNPATH_SEARCH_PATHS = "$(inherited) @executable_path/Frameworks @loader_path/Frameworks";
				PRODUCT_BUNDLE_IDENTIFIER = com.tower2.Read2MeUITests;
				PRODUCT_NAME = "$(TARGET_NAME)";
				SWIFT_VERSION = 3.0;
				TEST_TARGET_NAME = Read2Me;
			};
			name = Release;
		};
/* End XCBuildConfiguration section */

/* Begin XCConfigurationList section */
		F874F0CF200EF31300A848D0 /* Build configuration list for PBXProject "Read2Me" */ = {
			isa = XCConfigurationList;
			buildConfigurations = (
				F874F0FA200EF31500A848D0 /* Debug */,
				F874F0FB200EF31500A848D0 /* Release */,
			);
			defaultConfigurationIsVisible = 0;
			defaultConfigurationName = Release;
		};
		F874F0FC200EF31500A848D0 /* Build configuration list for PBXNativeTarget "Read2Me" */ = {
			isa = XCConfigurationList;
			buildConfigurations = (
				F874F0FD200EF31500A848D0 /* Debug */,
				F874F0FE200EF31500A848D0 /* Release */,
			);
			defaultConfigurationIsVisible = 0;
			defaultConfigurationName = Release;
		};
		F874F0FF200EF31500A848D0 /* Build configuration list for PBXNativeTarget "Read2MeTests" */ = {
			isa = XCConfigurationList;
			buildConfigurations = (
				F874F100200EF31500A848D0 /* Debug */,
				F874F101200EF31500A848D0 /* Release */,
			);
			defaultConfigurationIsVisible = 0;
			defaultConfigurationName = Release;
		};
		F874F102200EF31500A848D0 /* Build configuration list for PBXNativeTarget "Read2MeUITests" */ = {
			isa = XCConfigurationList;
			buildConfigurations = (
				F874F103200EF31500A848D0 /* Debug */,
				F874F104200EF31500A848D0 /* Release */,
			);
			defaultConfigurationIsVisible = 0;
			defaultConfigurationName = Release;
		};
/* End XCConfigurationList section */
	};
	rootObject = F874F0CC200EF31300A848D0 /* Project object */;
}
